// !$*UTF8*$!
{
	archiveVersion = 1;
	classes = {
	};
	objectVersion = 46;
	objects = {

/* Begin PBXBuildFile section */
		F7A63B0C1F70FA4200279081 /* AppDelegate.swift in Sources */ = {isa = PBXBuildFile; fileRef = F7A63B0B1F70FA4200279081 /* AppDelegate.swift */; };
		F7A63B0E1F70FA4300279081 /* ViewController.swift in Sources */ = {isa = PBXBuildFile; fileRef = F7A63B0D1F70FA4300279081 /* ViewController.swift */; };
		F7A63B111F70FA4300279081 /* Main.storyboard in Resources */ = {isa = PBXBuildFile; fileRef = F7A63B0F1F70FA4300279081 /* Main.storyboard */; };
		F7A63B131F70FA4300279081 /* Assets.xcassets in Resources */ = {isa = PBXBuildFile; fileRef = F7A63B121F70FA4300279081 /* Assets.xcassets */; };
		F7A63B161F70FA4300279081 /* LaunchScreen.storyboard in Resources */ = {isa = PBXBuildFile; fileRef = F7A63B141F70FA4300279081 /* LaunchScreen.storyboard */; };
		F7A63B211F70FA4400279081 /* ai_powered_duckTests.swift in Sources */ = {isa = PBXBuildFile; fileRef = F7A63B201F70FA4400279081 /* ai_powered_duckTests.swift */; };
		F7A63B2C1F70FA4500279081 /* ai_powered_duckUITests.swift in Sources */ = {isa = PBXBuildFile; fileRef = F7A63B2B1F70FA4500279081 /* ai_powered_duckUITests.swift */; };
/* End PBXBuildFile section */

/* Begin PBXContainerItemProxy section */
		F7A63B1D1F70FA4400279081 /* PBXContainerItemProxy */ = {
			isa = PBXContainerItemProxy;
			containerPortal = F7A63B001F70FA4200279081 /* Project object */;
			proxyType = 1;
			remoteGlobalIDString = F7A63B071F70FA4200279081;
			remoteInfo = "ai-powered-duck";
		};
		F7A63B281F70FA4500279081 /* PBXContainerItemProxy */ = {
			isa = PBXContainerItemProxy;
			containerPortal = F7A63B001F70FA4200279081 /* Project object */;
			proxyType = 1;
			remoteGlobalIDString = F7A63B071F70FA4200279081;
			remoteInfo = "ai-powered-duck";
		};
/* End PBXContainerItemProxy section */

/* Begin PBXFileReference section */
		F7A63B081F70FA4200279081 /* ai-powered-duck.app */ = {isa = PBXFileReference; explicitFileType = wrapper.application; includeInIndex = 0; path = "ai-powered-duck.app"; sourceTree = BUILT_PRODUCTS_DIR; };
		F7A63B0B1F70FA4200279081 /* AppDelegate.swift */ = {isa = PBXFileReference; lastKnownFileType = sourcecode.swift; path = AppDelegate.swift; sourceTree = "<group>"; };
		F7A63B0D1F70FA4300279081 /* ViewController.swift */ = {isa = PBXFileReference; lastKnownFileType = sourcecode.swift; path = ViewController.swift; sourceTree = "<group>"; };
		F7A63B101F70FA4300279081 /* Base */ = {isa = PBXFileReference; lastKnownFileType = file.storyboard; name = Base; path = Base.lproj/Main.storyboard; sourceTree = "<group>"; };
		F7A63B121F70FA4300279081 /* Assets.xcassets */ = {isa = PBXFileReference; lastKnownFileType = folder.assetcatalog; path = Assets.xcassets; sourceTree = "<group>"; };
		F7A63B151F70FA4300279081 /* Base */ = {isa = PBXFileReference; lastKnownFileType = file.storyboard; name = Base; path = Base.lproj/LaunchScreen.storyboard; sourceTree = "<group>"; };
		F7A63B171F70FA4300279081 /* Info.plist */ = {isa = PBXFileReference; lastKnownFileType = text.plist.xml; path = Info.plist; sourceTree = "<group>"; };
		F7A63B1C1F70FA4400279081 /* ai-powered-duckTests.xctest */ = {isa = PBXFileReference; explicitFileType = wrapper.cfbundle; includeInIndex = 0; path = "ai-powered-duckTests.xctest"; sourceTree = BUILT_PRODUCTS_DIR; };
		F7A63B201F70FA4400279081 /* ai_powered_duckTests.swift */ = {isa = PBXFileReference; lastKnownFileType = sourcecode.swift; path = ai_powered_duckTests.swift; sourceTree = "<group>"; };
		F7A63B221F70FA4500279081 /* Info.plist */ = {isa = PBXFileReference; lastKnownFileType = text.plist.xml; path = Info.plist; sourceTree = "<group>"; };
		F7A63B271F70FA4500279081 /* ai-powered-duckUITests.xctest */ = {isa = PBXFileReference; explicitFileType = wrapper.cfbundle; includeInIndex = 0; path = "ai-powered-duckUITests.xctest"; sourceTree = BUILT_PRODUCTS_DIR; };
		F7A63B2B1F70FA4500279081 /* ai_powered_duckUITests.swift */ = {isa = PBXFileReference; lastKnownFileType = sourcecode.swift; path = ai_powered_duckUITests.swift; sourceTree = "<group>"; };
		F7A63B2D1F70FA4500279081 /* Info.plist */ = {isa = PBXFileReference; lastKnownFileType = text.plist.xml; path = Info.plist; sourceTree = "<group>"; };
/* End PBXFileReference section */

/* Begin PBXFrameworksBuildPhase section */
		F7A63B051F70FA4200279081 /* Frameworks */ = {
			isa = PBXFrameworksBuildPhase;
			buildActionMask = 2147483647;
			files = (
			);
			runOnlyForDeploymentPostprocessing = 0;
		};
		F7A63B191F70FA4400279081 /* Frameworks */ = {
			isa = PBXFrameworksBuildPhase;
			buildActionMask = 2147483647;
			files = (
			);
			runOnlyForDeploymentPostprocessing = 0;
		};
		F7A63B241F70FA4500279081 /* Frameworks */ = {
			isa = PBXFrameworksBuildPhase;
			buildActionMask = 2147483647;
			files = (
			);
			runOnlyForDeploymentPostprocessing = 0;
		};
/* End PBXFrameworksBuildPhase section */

/* Begin PBXGroup section */
		F7A63AFF1F70FA4200279081 = {
			isa = PBXGroup;
			children = (
				F7A63B0A1F70FA4200279081 /* ai-powered-duck */,
				F7A63B1F1F70FA4400279081 /* ai-powered-duckTests */,
				F7A63B2A1F70FA4500279081 /* ai-powered-duckUITests */,
				F7A63B091F70FA4200279081 /* Products */,
			);
			sourceTree = "<group>";
		};
		F7A63B091F70FA4200279081 /* Products */ = {
			isa = PBXGroup;
			children = (
				F7A63B081F70FA4200279081 /* ai-powered-duck.app */,
				F7A63B1C1F70FA4400279081 /* ai-powered-duckTests.xctest */,
				F7A63B271F70FA4500279081 /* ai-powered-duckUITests.xctest */,
			);
			name = Products;
			sourceTree = "<group>";
		};
		F7A63B0A1F70FA4200279081 /* ai-powered-duck */ = {
			isa = PBXGroup;
			children = (
				F7A63B0B1F70FA4200279081 /* AppDelegate.swift */,
				F7A63B0D1F70FA4300279081 /* ViewController.swift */,
				F7A63B0F1F70FA4300279081 /* Main.storyboard */,
				F7A63B121F70FA4300279081 /* Assets.xcassets */,
				F7A63B141F70FA4300279081 /* LaunchScreen.storyboard */,
				F7A63B171F70FA4300279081 /* Info.plist */,
			);
			path = "ai-powered-duck";
			sourceTree = "<group>";
		};
		F7A63B1F1F70FA4400279081 /* ai-powered-duckTests */ = {
			isa = PBXGroup;
			children = (
				F7A63B201F70FA4400279081 /* ai_powered_duckTests.swift */,
				F7A63B221F70FA4500279081 /* Info.plist */,
			);
			path = "ai-powered-duckTests";
			sourceTree = "<group>";
		};
		F7A63B2A1F70FA4500279081 /* ai-powered-duckUITests */ = {
			isa = PBXGroup;
			children = (
				F7A63B2B1F70FA4500279081 /* ai_powered_duckUITests.swift */,
				F7A63B2D1F70FA4500279081 /* Info.plist */,
			);
			path = "ai-powered-duckUITests";
			sourceTree = "<group>";
		};
/* End PBXGroup section */

/* Begin PBXNativeTarget section */
		F7A63B071F70FA4200279081 /* ai-powered-duck */ = {
			isa = PBXNativeTarget;
			buildConfigurationList = F7A63B301F70FA4500279081 /* Build configuration list for PBXNativeTarget "ai-powered-duck" */;
			buildPhases = (
				F7A63B041F70FA4200279081 /* Sources */,
				F7A63B051F70FA4200279081 /* Frameworks */,
				F7A63B061F70FA4200279081 /* Resources */,
			);
			buildRules = (
			);
			dependencies = (
			);
			name = "ai-powered-duck";
			productName = "ai-powered-duck";
			productReference = F7A63B081F70FA4200279081 /* ai-powered-duck.app */;
			productType = "com.apple.product-type.application";
		};
		F7A63B1B1F70FA4400279081 /* ai-powered-duckTests */ = {
			isa = PBXNativeTarget;
			buildConfigurationList = F7A63B331F70FA4500279081 /* Build configuration list for PBXNativeTarget "ai-powered-duckTests" */;
			buildPhases = (
				F7A63B181F70FA4400279081 /* Sources */,
				F7A63B191F70FA4400279081 /* Frameworks */,
				F7A63B1A1F70FA4400279081 /* Resources */,
			);
			buildRules = (
			);
			dependencies = (
				F7A63B1E1F70FA4400279081 /* PBXTargetDependency */,
			);
			name = "ai-powered-duckTests";
			productName = "ai-powered-duckTests";
			productReference = F7A63B1C1F70FA4400279081 /* ai-powered-duckTests.xctest */;
			productType = "com.apple.product-type.bundle.unit-test";
		};
		F7A63B261F70FA4500279081 /* ai-powered-duckUITests */ = {
			isa = PBXNativeTarget;
			buildConfigurationList = F7A63B361F70FA4500279081 /* Build configuration list for PBXNativeTarget "ai-powered-duckUITests" */;
			buildPhases = (
				F7A63B231F70FA4500279081 /* Sources */,
				F7A63B241F70FA4500279081 /* Frameworks */,
				F7A63B251F70FA4500279081 /* Resources */,
			);
			buildRules = (
			);
			dependencies = (
				F7A63B291F70FA4500279081 /* PBXTargetDependency */,
			);
			name = "ai-powered-duckUITests";
			productName = "ai-powered-duckUITests";
			productReference = F7A63B271F70FA4500279081 /* ai-powered-duckUITests.xctest */;
			productType = "com.apple.product-type.bundle.ui-testing";
		};
/* End PBXNativeTarget section */

/* Begin PBXProject section */
		F7A63B001F70FA4200279081 /* Project object */ = {
			isa = PBXProject;
			attributes = {
				LastSwiftUpdateCheck = 0830;
				LastUpgradeCheck = 0830;
				ORGANIZATIONNAME = "Vladislav Lyalin";
				TargetAttributes = {
					F7A63B071F70FA4200279081 = {
						CreatedOnToolsVersion = 8.3.3;
						ProvisioningStyle = Automatic;
					};
					F7A63B1B1F70FA4400279081 = {
						CreatedOnToolsVersion = 8.3.3;
						ProvisioningStyle = Automatic;
						TestTargetID = F7A63B071F70FA4200279081;
					};
					F7A63B261F70FA4500279081 = {
						CreatedOnToolsVersion = 8.3.3;
						ProvisioningStyle = Automatic;
						TestTargetID = F7A63B071F70FA4200279081;
					};
				};
			};
			buildConfigurationList = F7A63B031F70FA4200279081 /* Build configuration list for PBXProject "ai-powered-duck" */;
			compatibilityVersion = "Xcode 3.2";
			developmentRegion = English;
			hasScannedForEncodings = 0;
			knownRegions = (
				en,
				Base,
			);
			mainGroup = F7A63AFF1F70FA4200279081;
			productRefGroup = F7A63B091F70FA4200279081 /* Products */;
			projectDirPath = "";
			projectRoot = "";
			targets = (
				F7A63B071F70FA4200279081 /* ai-powered-duck */,
				F7A63B1B1F70FA4400279081 /* ai-powered-duckTests */,
				F7A63B261F70FA4500279081 /* ai-powered-duckUITests */,
			);
		};
/* End PBXProject section */

/* Begin PBXResourcesBuildPhase section */
		F7A63B061F70FA4200279081 /* Resources */ = {
			isa = PBXResourcesBuildPhase;
			buildActionMask = 2147483647;
			files = (
				F7A63B161F70FA4300279081 /* LaunchScreen.storyboard in Resources */,
				F7A63B131F70FA4300279081 /* Assets.xcassets in Resources */,
				F7A63B111F70FA4300279081 /* Main.storyboard in Resources */,
			);
			runOnlyForDeploymentPostprocessing = 0;
		};
		F7A63B1A1F70FA4400279081 /* Resources */ = {
			isa = PBXResourcesBuildPhase;
			buildActionMask = 2147483647;
			files = (
			);
			runOnlyForDeploymentPostprocessing = 0;
		};
		F7A63B251F70FA4500279081 /* Resources */ = {
			isa = PBXResourcesBuildPhase;
			buildActionMask = 2147483647;
			files = (
			);
			runOnlyForDeploymentPostprocessing = 0;
		};
/* End PBXResourcesBuildPhase section */

/* Begin PBXSourcesBuildPhase section */
		F7A63B041F70FA4200279081 /* Sources */ = {
			isa = PBXSourcesBuildPhase;
			buildActionMask = 2147483647;
			files = (
				F7A63B0E1F70FA4300279081 /* ViewController.swift in Sources */,
				F7A63B0C1F70FA4200279081 /* AppDelegate.swift in Sources */,
			);
			runOnlyForDeploymentPostprocessing = 0;
		};
		F7A63B181F70FA4400279081 /* Sources */ = {
			isa = PBXSourcesBuildPhase;
			buildActionMask = 2147483647;
			files = (
				F7A63B211F70FA4400279081 /* ai_powered_duckTests.swift in Sources */,
			);
			runOnlyForDeploymentPostprocessing = 0;
		};
		F7A63B231F70FA4500279081 /* Sources */ = {
			isa = PBXSourcesBuildPhase;
			buildActionMask = 2147483647;
			files = (
				F7A63B2C1F70FA4500279081 /* ai_powered_duckUITests.swift in Sources */,
			);
			runOnlyForDeploymentPostprocessing = 0;
		};
/* End PBXSourcesBuildPhase section */

/* Begin PBXTargetDependency section */
		F7A63B1E1F70FA4400279081 /* PBXTargetDependency */ = {
			isa = PBXTargetDependency;
			target = F7A63B071F70FA4200279081 /* ai-powered-duck */;
			targetProxy = F7A63B1D1F70FA4400279081 /* PBXContainerItemProxy */;
		};
		F7A63B291F70FA4500279081 /* PBXTargetDependency */ = {
			isa = PBXTargetDependency;
			target = F7A63B071F70FA4200279081 /* ai-powered-duck */;
			targetProxy = F7A63B281F70FA4500279081 /* PBXContainerItemProxy */;
		};
/* End PBXTargetDependency section */

/* Begin PBXVariantGroup section */
		F7A63B0F1F70FA4300279081 /* Main.storyboard */ = {
			isa = PBXVariantGroup;
			children = (
				F7A63B101F70FA4300279081 /* Base */,
			);
			name = Main.storyboard;
			sourceTree = "<group>";
		};
		F7A63B141F70FA4300279081 /* LaunchScreen.storyboard */ = {
			isa = PBXVariantGroup;
			children = (
				F7A63B151F70FA4300279081 /* Base */,
			);
			name = LaunchScreen.storyboard;
			sourceTree = "<group>";
		};
/* End PBXVariantGroup section */

/* Begin XCBuildConfiguration section */
		F7A63B2E1F70FA4500279081 /* Debug */ = {
			isa = XCBuildConfiguration;
			buildSettings = {
				ALWAYS_SEARCH_USER_PATHS = NO;
				CLANG_ANALYZER_NONNULL = YES;
				CLANG_ANALYZER_NUMBER_OBJECT_CONVERSION = YES_AGGRESSIVE;
				CLANG_CXX_LANGUAGE_STANDARD = "gnu++0x";
				CLANG_CXX_LIBRARY = "libc++";
				CLANG_ENABLE_MODULES = YES;
				CLANG_ENABLE_OBJC_ARC = YES;
				CLANG_WARN_BOOL_CONVERSION = YES;
				CLANG_WARN_CONSTANT_CONVERSION = YES;
				CLANG_WARN_DIRECT_OBJC_ISA_USAGE = YES_ERROR;
				CLANG_WARN_DOCUMENTATION_COMMENTS = YES;
				CLANG_WARN_EMPTY_BODY = YES;
				CLANG_WARN_ENUM_CONVERSION = YES;
				CLANG_WARN_INFINITE_RECURSION = YES;
				CLANG_WARN_INT_CONVERSION = YES;
				CLANG_WARN_OBJC_ROOT_CLASS = YES_ERROR;
				CLANG_WARN_SUSPICIOUS_MOVE = YES;
				CLANG_WARN_UNREACHABLE_CODE = YES;
				CLANG_WARN__DUPLICATE_METHOD_MATCH = YES;
				"CODE_SIGN_IDENTITY[sdk=iphoneos*]" = "iPhone Developer";
				COPY_PHASE_STRIP = NO;
				DEBUG_INFORMATION_FORMAT = dwarf;
				ENABLE_STRICT_OBJC_MSGSEND = YES;
				ENABLE_TESTABILITY = YES;
				GCC_C_LANGUAGE_STANDARD = gnu99;
				GCC_DYNAMIC_NO_PIC = NO;
				GCC_NO_COMMON_BLOCKS = YES;
				GCC_OPTIMIZATION_LEVEL = 0;
				GCC_PREPROCESSOR_DEFINITIONS = (
					"DEBUG=1",
					"$(inherited)",
				);
				GCC_WARN_64_TO_32_BIT_CONVERSION = YES;
				GCC_WARN_ABOUT_RETURN_TYPE = YES_ERROR;
				GCC_WARN_UNDECLARED_SELECTOR = YES;
				GCC_WARN_UNINITIALIZED_AUTOS = YES_AGGRESSIVE;
				GCC_WARN_UNUSED_FUNCTION = YES;
				GCC_WARN_UNUSED_VARIABLE = YES;
				IPHONEOS_DEPLOYMENT_TARGET = 10.3;
				MTL_ENABLE_DEBUG_INFO = YES;
				ONLY_ACTIVE_ARCH = YES;
				SDKROOT = iphoneos;
				SWIFT_ACTIVE_COMPILATION_CONDITIONS = DEBUG;
				SWIFT_OPTIMIZATION_LEVEL = "-Onone";
				TARGETED_DEVICE_FAMILY = "1,2";
			};
			name = Debug;
		};
		F7A63B2F1F70FA4500279081 /* Release */ = {
			isa = XCBuildConfiguration;
			buildSettings = {
				ALWAYS_SEARCH_USER_PATHS = NO;
				CLANG_ANALYZER_NONNULL = YES;
				CLANG_ANALYZER_NUMBER_OBJECT_CONVERSION = YES_AGGRESSIVE;
				CLANG_CXX_LANGUAGE_STANDARD = "gnu++0x";
				CLANG_CXX_LIBRARY = "libc++";
				CLANG_ENABLE_MODULES = YES;
				CLANG_ENABLE_OBJC_ARC = YES;
				CLANG_WARN_BOOL_CONVERSION = YES;
				CLANG_WARN_CONSTANT_CONVERSION = YES;
				CLANG_WARN_DIRECT_OBJC_ISA_USAGE = YES_ERROR;
				CLANG_WARN_DOCUMENTATION_COMMENTS = YES;
				CLANG_WARN_EMPTY_BODY = YES;
				CLANG_WARN_ENUM_CONVERSION = YES;
				CLANG_WARN_INFINITE_RECURSION = YES;
				CLANG_WARN_INT_CONVERSION = YES;
				CLANG_WARN_OBJC_ROOT_CLASS = YES_ERROR;
				CLANG_WARN_SUSPICIOUS_MOVE = YES;
				CLANG_WARN_UNREACHABLE_CODE = YES;
				CLANG_WARN__DUPLICATE_METHOD_MATCH = YES;
				"CODE_SIGN_IDENTITY[sdk=iphoneos*]" = "iPhone Developer";
				COPY_PHASE_STRIP = NO;
				DEBUG_INFORMATION_FORMAT = "dwarf-with-dsym";
				ENABLE_NS_ASSERTIONS = NO;
				ENABLE_STRICT_OBJC_MSGSEND = YES;
				GCC_C_LANGUAGE_STANDARD = gnu99;
				GCC_NO_COMMON_BLOCKS = YES;
				GCC_WARN_64_TO_32_BIT_CONVERSION = YES;
				GCC_WARN_ABOUT_RETURN_TYPE = YES_ERROR;
				GCC_WARN_UNDECLARED_SELECTOR = YES;
				GCC_WARN_UNINITIALIZED_AUTOS = YES_AGGRESSIVE;
				GCC_WARN_UNUSED_FUNCTION = YES;
				GCC_WARN_UNUSED_VARIABLE = YES;
				IPHONEOS_DEPLOYMENT_TARGET = 10.3;
				MTL_ENABLE_DEBUG_INFO = NO;
				SDKROOT = iphoneos;
				SWIFT_OPTIMIZATION_LEVEL = "-Owholemodule";
				TARGETED_DEVICE_FAMILY = "1,2";
				VALIDATE_PRODUCT = YES;
			};
			name = Release;
		};
		F7A63B311F70FA4500279081 /* Debug */ = {
			isa = XCBuildConfiguration;
			buildSettings = {
				ASSETCATALOG_COMPILER_APPICON_NAME = AppIcon;
				INFOPLIST_FILE = "ai-powered-duck/Info.plist";
				LD_RUNPATH_SEARCH_PATHS = "$(inherited) @executable_path/Frameworks";
				PRODUCT_BUNDLE_IDENTIFIER = "phobos.ai-powered-duck";
				PRODUCT_NAME = "$(TARGET_NAME)";
				SWIFT_VERSION = 3.0;
			};
			name = Debug;
		};
		F7A63B321F70FA4500279081 /* Release */ = {
			isa = XCBuildConfiguration;
			buildSettings = {
				ASSETCATALOG_COMPILER_APPICON_NAME = AppIcon;
				INFOPLIST_FILE = "ai-powered-duck/Info.plist";
				LD_RUNPATH_SEARCH_PATHS = "$(inherited) @executable_path/Frameworks";
				PRODUCT_BUNDLE_IDENTIFIER = "phobos.ai-powered-duck";
				PRODUCT_NAME = "$(TARGET_NAME)";
				SWIFT_VERSION = 3.0;
			};
			name = Release;
		};
		F7A63B341F70FA4500279081 /* Debug */ = {
			isa = XCBuildConfiguration;
			buildSettings = {
				ALWAYS_EMBED_SWIFT_STANDARD_LIBRARIES = YES;
				BUNDLE_LOADER = "$(TEST_HOST)";
				INFOPLIST_FILE = "ai-powered-duckTests/Info.plist";
				LD_RUNPATH_SEARCH_PATHS = "$(inherited) @executable_path/Frameworks @loader_path/Frameworks";
				PRODUCT_BUNDLE_IDENTIFIER = "phobos.ai-powered-duckTests";
				PRODUCT_NAME = "$(TARGET_NAME)";
				SWIFT_VERSION = 3.0;
				TEST_HOST = "$(BUILT_PRODUCTS_DIR)/ai-powered-duck.app/ai-powered-duck";
			};
			name = Debug;
		};
		F7A63B351F70FA4500279081 /* Release */ = {
			isa = XCBuildConfiguration;
			buildSettings = {
				ALWAYS_EMBED_SWIFT_STANDARD_LIBRARIES = YES;
				BUNDLE_LOADER = "$(TEST_HOST)";
				INFOPLIST_FILE = "ai-powered-duckTests/Info.plist";
				LD_RUNPATH_SEARCH_PATHS = "$(inherited) @executable_path/Frameworks @loader_path/Frameworks";
				PRODUCT_BUNDLE_IDENTIFIER = "phobos.ai-powered-duckTests";
				PRODUCT_NAME = "$(TARGET_NAME)";
				SWIFT_VERSION = 3.0;
				TEST_HOST = "$(BUILT_PRODUCTS_DIR)/ai-powered-duck.app/ai-powered-duck";
			};
			name = Release;
		};
		F7A63B371F70FA4500279081 /* Debug */ = {
			isa = XCBuildConfiguration;
			buildSettings = {
				ALWAYS_EMBED_SWIFT_STANDARD_LIBRARIES = YES;
				INFOPLIST_FILE = "ai-powered-duckUITests/Info.plist";
				LD_RUNPATH_SEARCH_PATHS = "$(inherited) @executable_path/Frameworks @loader_path/Frameworks";
				PRODUCT_BUNDLE_IDENTIFIER = "phobos.ai-powered-duckUITests";
				PRODUCT_NAME = "$(TARGET_NAME)";
				SWIFT_VERSION = 3.0;
				TEST_TARGET_NAME = "ai-powered-duck";
			};
			name = Debug;
		};
		F7A63B381F70FA4500279081 /* Release */ = {
			isa = XCBuildConfiguration;
			buildSettings = {
				ALWAYS_EMBED_SWIFT_STANDARD_LIBRARIES = YES;
				INFOPLIST_FILE = "ai-powered-duckUITests/Info.plist";
				LD_RUNPATH_SEARCH_PATHS = "$(inherited) @executable_path/Frameworks @loader_path/Frameworks";
				PRODUCT_BUNDLE_IDENTIFIER = "phobos.ai-powered-duckUITests";
				PRODUCT_NAME = "$(TARGET_NAME)";
				SWIFT_VERSION = 3.0;
				TEST_TARGET_NAME = "ai-powered-duck";
			};
			name = Release;
		};
/* End XCBuildConfiguration section */

/* Begin XCConfigurationList section */
		F7A63B031F70FA4200279081 /* Build configuration list for PBXProject "ai-powered-duck" */ = {
			isa = XCConfigurationList;
			buildConfigurations = (
				F7A63B2E1F70FA4500279081 /* Debug */,
				F7A63B2F1F70FA4500279081 /* Release */,
			);
			defaultConfigurationIsVisible = 0;
			defaultConfigurationName = Release;
		};
		F7A63B301F70FA4500279081 /* Build configuration list for PBXNativeTarget "ai-powered-duck" */ = {
			isa = XCConfigurationList;
			buildConfigurations = (
				F7A63B311F70FA4500279081 /* Debug */,
				F7A63B321F70FA4500279081 /* Release */,
			);
			defaultConfigurationIsVisible = 0;
		};
		F7A63B331F70FA4500279081 /* Build configuration list for PBXNativeTarget "ai-powered-duckTests" */ = {
			isa = XCConfigurationList;
			buildConfigurations = (
				F7A63B341F70FA4500279081 /* Debug */,
				F7A63B351F70FA4500279081 /* Release */,
			);
			defaultConfigurationIsVisible = 0;
		};
		F7A63B361F70FA4500279081 /* Build configuration list for PBXNativeTarget "ai-powered-duckUITests" */ = {
			isa = XCConfigurationList;
			buildConfigurations = (
				F7A63B371F70FA4500279081 /* Debug */,
				F7A63B381F70FA4500279081 /* Release */,
			);
			defaultConfigurationIsVisible = 0;
		};
/* End XCConfigurationList section */
	};
	rootObject = F7A63B001F70FA4200279081 /* Project object */;
}
